
Microsoft Visual Studio Solution File, Format Version 12.00
# Visual Studio Version 17
VisualStudioVersion = 17.8.34322.80
MinimumVisualStudioVersion = 10.0.40219.1
Project("{F184B08F-C81C-45F6-A57F-5ABD9991F28F}") = "notes", "notes.vbproj", "{70EFAB4F-46EB-48F6-863E-7156F96E343A}"
EndProject
Global
	GlobalSection(SolutionConfigurationPlatforms) = preSolution
		Debug|Any CPU = Debug|Any CPU
		Release|Any CPU = Release|Any CPU
	EndGlobalSection
	GlobalSection(ProjectConfigurationPlatforms) = postSolution
		{70EFAB4F-46EB-48F6-863E-7156F96E343A}.Debug|Any CPU.ActiveCfg = Debug|Any CPU
		{70EFAB4F-46EB-48F6-863E-7156F96E343A}.Debug|Any CPU.Build.0 = Debug|Any CPU
		{70EFAB4F-46EB-48F6-863E-7156F96E343A}.Release|Any CPU.ActiveCfg = Release|Any CPU
		{70EFAB4F-46EB-48F6-863E-7156F96E343A}.Release|Any CPU.Build.0 = Release|Any CPU
	EndGlobalSection
	GlobalSection(SolutionProperties) = preSolution
		HideSolutionNode = FALSE
	EndGlobalSection
	GlobalSection(ExtensibilityGlobals) = postSolution
		SolutionGuid = {2B672097-20F3-4076-B325-4FFDCE66C395}
	EndGlobalSection
EndGlobal
